{
  "name": "web-dev-assignment2",
  "version": "1.0.0",
  "lockfileVersion": 3,
  "requires": true,
  "packages": {
    "": {
      "name": "web-dev-assignment2",
      "version": "1.0.0",
      "license": "ISC",
      "devDependencies": {
        "@11ty/eleventy-navigation": "^1.0.5"
      }
    },
    "node_modules/@11ty/eleventy-navigation": {
      "version": "1.0.5",
      "resolved": "https://registry.npmjs.org/@11ty/eleventy-navigation/-/eleventy-navigation-1.0.5.tgz",
      "integrity": "sha512-zb6xe29cM9viSdYtZywKIkJw2HIROyBINdBcFWC9uD0c/jYOTAex5nwy3HNEuh5t6/Ld/S9V4gEizfmeYuYpCQ==",
      "dev": true,
      "license": "MIT",
      "dependencies": {
        "dependency-graph": "^1.0.0"
      },
      "funding": {
        "type": "opencollective",
        "url": "https://opencollective.com/11ty"
      }
    },
    "node_modules/dependency-graph": {
      "version": "1.0.0",
      "resolved": "https://registry.npmjs.org/dependency-graph/-/dependency-graph-1.0.0.tgz",
      "integrity": "sha512-cW3gggJ28HZ/LExwxP2B++aiKxhJXMSIt9K48FOXQkm+vuG5gyatXnLsONRJdzO/7VfjDIiaOOa/bs4l464Lwg==",
      "dev": true,
      "license": "MIT",
      "engines": {
        "node": ">=4"
      }
    }
  }
}
